
Microsoft Visual Studio Solution File, Format Version 12.00
# Visual Studio Version 17
VisualStudioVersion = 17.5.002.0
MinimumVisualStudioVersion = 10.0.40219.1
Project("{9A19103F-16F7-4668-BE54-9A1E7A4F7556}") = "seminar1", "seminar1\seminar1.csproj", "{F97FD056-0FAF-41DA-81EB-8F7C966B4FF8}"
EndProject
Global
	GlobalSection(SolutionConfigurationPlatforms) = preSolution
		Debug|Any CPU = Debug|Any CPU
		Release|Any CPU = Release|Any CPU
	EndGlobalSection
	GlobalSection(ProjectConfigurationPlatforms) = postSolution
		{F97FD056-0FAF-41DA-81EB-8F7C966B4FF8}.Debug|Any CPU.ActiveCfg = Debug|Any CPU
		{F97FD056-0FAF-41DA-81EB-8F7C966B4FF8}.Debug|Any CPU.Build.0 = Debug|Any CPU
		{F97FD056-0FAF-41DA-81EB-8F7C966B4FF8}.Release|Any CPU.ActiveCfg = Release|Any CPU
		{F97FD056-0FAF-41DA-81EB-8F7C966B4FF8}.Release|Any CPU.Build.0 = Release|Any CPU
	EndGlobalSection
	GlobalSection(SolutionProperties) = preSolution
		HideSolutionNode = FALSE
	EndGlobalSection
	GlobalSection(ExtensibilityGlobals) = postSolution
		SolutionGuid = {CCDDAF3B-373A-49EE-83CE-2E09FB7F6C2E}
	EndGlobalSection
EndGlobal
