
Microsoft Visual Studio Solution File, Format Version 12.00
# Visual Studio Version 17
VisualStudioVersion = 17.5.002.0
MinimumVisualStudioVersion = 10.0.40219.1
Project("{9A19103F-16F7-4668-BE54-9A1E7A4F7556}") = "functions", "functions\functions.csproj", "{A887ABD6-84C2-4AD9-902B-A9CAE41A748A}"
EndProject
Project("{2150E333-8FDC-42A3-9474-1A3956D46DE8}") = "seminar1", "seminar1", "{47B89ED0-9807-4F18-9738-42E408B096C3}"
EndProject
Project("{9A19103F-16F7-4668-BE54-9A1E7A4F7556}") = "hw1", "seminar1\hw1\hw1.csproj", "{328916EA-5F8C-4EA1-8D35-B786F5F545EA}"
EndProject
Project("{9A19103F-16F7-4668-BE54-9A1E7A4F7556}") = "hw2", "seminar1\hw2\hw2.csproj", "{55D6B312-5150-4046-A873-FC3547FCD858}"
EndProject
Project("{9A19103F-16F7-4668-BE54-9A1E7A4F7556}") = "hw3", "seminar1\hw3\hw3.csproj", "{E70207F9-8AA1-4A6E-9320-6B72723639CD}"
EndProject
Project("{9A19103F-16F7-4668-BE54-9A1E7A4F7556}") = "hw4", "seminar1\hw4\hw4.csproj", "{BB2AF11F-AE56-49E4-AC09-4DD2DA17681A}"
EndProject
Project("{9A19103F-16F7-4668-BE54-9A1E7A4F7556}") = "task1", "seminar1\task1\task1.csproj", "{B4F6E89B-70D8-4F56-B25F-1E3667799185}"
EndProject
Project("{9A19103F-16F7-4668-BE54-9A1E7A4F7556}") = "task2", "seminar1\task2\task2.csproj", "{63E7FB40-9DBC-47F0-9FE7-E4806C3BCD5B}"
EndProject
Project("{9A19103F-16F7-4668-BE54-9A1E7A4F7556}") = "task3", "seminar1\task3\task3.csproj", "{4850229E-2DC6-4D40-908E-27F505D8BFDD}"
EndProject
Project("{2150E333-8FDC-42A3-9474-1A3956D46DE8}") = "seminar2", "seminar2", "{22561037-D2FA-47CE-88DC-CF3ABF281872}"
EndProject
Project("{9A19103F-16F7-4668-BE54-9A1E7A4F7556}") = "homework4_1", "seminar2\homework4_1\homework4_1.csproj", "{E6FC16B0-0F2D-4DD5-9F8E-BAF46CC4DAAA}"
EndProject
Project("{9A19103F-16F7-4668-BE54-9A1E7A4F7556}") = "homework_1", "seminar2\homework_1\homework_1.csproj", "{9D3DA159-C600-49BB-AADA-0F6C1FBA7233}"
EndProject
Project("{9A19103F-16F7-4668-BE54-9A1E7A4F7556}") = "homework_2", "seminar2\homework_2\homework_2.csproj", "{A83C139E-36F2-4698-920C-E88814884C0B}"
EndProject
Project("{9A19103F-16F7-4668-BE54-9A1E7A4F7556}") = "homework_3", "seminar2\homework_3\homework_3.csproj", "{EC540A7C-90EA-45E5-A227-EB2E75E34D28}"
EndProject
Project("{9A19103F-16F7-4668-BE54-9A1E7A4F7556}") = "homework_4", "seminar2\homework_4\homework_4.csproj", "{1797F68A-6F9E-40C0-8C75-58B7B8D0D085}"
EndProject
Project("{9A19103F-16F7-4668-BE54-9A1E7A4F7556}") = "task1", "seminar2\task1\task1.csproj", "{E3EC5E9A-13FA-49B1-939B-BD01F583055B}"
EndProject
Project("{9A19103F-16F7-4668-BE54-9A1E7A4F7556}") = "task2", "seminar2\task2\task2.csproj", "{3819E9A7-3EDB-428A-A9CE-AF01017D8A28}"
EndProject
Project("{9A19103F-16F7-4668-BE54-9A1E7A4F7556}") = "task3", "seminar2\task3\task3.csproj", "{4E8F37F2-B1A7-4D0E-A871-3DABDD5D1F0F}"
EndProject
Project("{9A19103F-16F7-4668-BE54-9A1E7A4F7556}") = "task4", "seminar2\task4\task4.csproj", "{B2ADB01F-AD31-4B97-A0D9-484EEE26131B}"
EndProject
Project("{2150E333-8FDC-42A3-9474-1A3956D46DE8}") = "seminar3", "seminar3", "{B9E8FFD0-AA4D-4006-A125-41AEF79FCB79}"
EndProject
Project("{9A19103F-16F7-4668-BE54-9A1E7A4F7556}") = "class", "seminar3\class\class.csproj", "{C82BA76A-E270-4DC9-B4FB-33ED1451E9B3}"
EndProject
Project("{9A19103F-16F7-4668-BE54-9A1E7A4F7556}") = "homework1", "seminar3\homework1\homework1.csproj", "{583B44E3-DDB1-4764-B002-09769A6F9B41}"
EndProject
Project("{9A19103F-16F7-4668-BE54-9A1E7A4F7556}") = "homework2", "seminar3\homework2\homework2.csproj", "{D1AF4CDC-FB9C-4B8C-8AEC-C2F9FF41ED99}"
EndProject
Project("{9A19103F-16F7-4668-BE54-9A1E7A4F7556}") = "homework3", "seminar3\homework3\homework3.csproj", "{332A917C-7149-4D84-AE30-B762DB3C44A5}"
EndProject
Project("{9A19103F-16F7-4668-BE54-9A1E7A4F7556}") = "task1", "seminar3\task1\task1.csproj", "{1DED2E23-6135-444C-85E9-F0925CE2A89F}"
EndProject
Project("{9A19103F-16F7-4668-BE54-9A1E7A4F7556}") = "task2", "seminar3\task2\task2.csproj", "{34A3695D-BF53-4031-8D6C-B2C2FADC1819}"
EndProject
Project("{9A19103F-16F7-4668-BE54-9A1E7A4F7556}") = "task3", "seminar3\task3\task3.csproj", "{6396A908-7F46-4720-BA8E-53D7EA41E198}"
EndProject
Project("{2150E333-8FDC-42A3-9474-1A3956D46DE8}") = "seminar4", "seminar4", "{6C91AE6E-E063-49DC-BE4C-20DA034D47F7}"
EndProject
Project("{9A19103F-16F7-4668-BE54-9A1E7A4F7556}") = "functions", "seminar4\functions\functions.csproj", "{18F13B85-F18F-4FB9-8D01-114C496529AE}"
EndProject
Project("{9A19103F-16F7-4668-BE54-9A1E7A4F7556}") = "homework1", "seminar4\homework1\homework1.csproj", "{6E454B72-85E2-48AC-90ED-E01BAA394B81}"
EndProject
Project("{9A19103F-16F7-4668-BE54-9A1E7A4F7556}") = "homework2", "seminar4\homework2\homework2.csproj", "{C30533E3-3BB4-4100-ADCE-5619949403F5}"
EndProject
Project("{9A19103F-16F7-4668-BE54-9A1E7A4F7556}") = "homework3", "seminar4\homework3\homework3.csproj", "{5478B089-BEC2-4622-8705-EAB8FA41904E}"
EndProject
Project("{9A19103F-16F7-4668-BE54-9A1E7A4F7556}") = "task1", "seminar4\task1\task1.csproj", "{12DB3A3C-DF36-491B-8379-35F6EFDF7266}"
EndProject
Project("{9A19103F-16F7-4668-BE54-9A1E7A4F7556}") = "task2", "seminar4\task2\task2.csproj", "{6E08F0FD-5FDC-4A6F-B7AB-FD08EB08D9AB}"
EndProject
Project("{9A19103F-16F7-4668-BE54-9A1E7A4F7556}") = "task3", "seminar4\task3\task3.csproj", "{A29CAEDE-25EB-4968-AA96-F3ECFA7B5BDF}"
EndProject
Project("{2150E333-8FDC-42A3-9474-1A3956D46DE8}") = "seminar5", "seminar5", "{33BC2A3B-DC1F-4C34-9EE0-540327BF6B2C}"
EndProject
Project("{9A19103F-16F7-4668-BE54-9A1E7A4F7556}") = "class", "seminar5\class\class.csproj", "{7A0BEB87-92FA-4BF3-9F49-E2748B9CA8F3}"
EndProject
Project("{9A19103F-16F7-4668-BE54-9A1E7A4F7556}") = "homework1", "seminar5\homework1\homework1.csproj", "{5638CE3E-E900-4D60-9002-793C4BC8327F}"
EndProject
Project("{9A19103F-16F7-4668-BE54-9A1E7A4F7556}") = "homework2", "seminar5\homework2\homework2.csproj", "{25545948-E7D1-41F5-B122-55F98BEB7E4C}"
EndProject
Project("{9A19103F-16F7-4668-BE54-9A1E7A4F7556}") = "homework3", "seminar5\homework3\homework3.csproj", "{0713D05F-D444-48C5-9EBD-390ECAEA44AD}"
EndProject
Project("{9A19103F-16F7-4668-BE54-9A1E7A4F7556}") = "task1", "seminar5\task1\task1.csproj", "{7BC9F987-5B36-4CE1-BE50-F015049697EF}"
EndProject
Project("{9A19103F-16F7-4668-BE54-9A1E7A4F7556}") = "task2", "seminar5\task2\task2.csproj", "{85FD7660-046A-47EF-8DD2-FD1B41590943}"
EndProject
Project("{9A19103F-16F7-4668-BE54-9A1E7A4F7556}") = "task3", "seminar5\task3\task3.csproj", "{E3FC735E-01AD-4F79-9271-959C79470368}"
EndProject
Project("{2150E333-8FDC-42A3-9474-1A3956D46DE8}") = "seminar6", "seminar6", "{67363854-BD4A-4974-ACBB-DCC3E78C77F5}"
EndProject
Project("{9A19103F-16F7-4668-BE54-9A1E7A4F7556}") = "homework1", "seminar6\homework1\homework1.csproj", "{2731FAF4-AE50-42A3-A2D7-9A3F6C66FDEE}"
EndProject
Project("{9A19103F-16F7-4668-BE54-9A1E7A4F7556}") = "task1", "seminar6\task1\task1.csproj", "{BC7D1E88-9CD8-4B2A-B8B0-25FF77C7A7CE}"
EndProject
Project("{9A19103F-16F7-4668-BE54-9A1E7A4F7556}") = "task2", "seminar6\task2\task2.csproj", "{7967215C-CDF8-4FF6-9680-1AE41FCE86A1}"
EndProject
Project("{9A19103F-16F7-4668-BE54-9A1E7A4F7556}") = "task3", "seminar6\task3\task3.csproj", "{767E983B-E009-4C7A-9B41-E26454BC47DF}"
EndProject
Global
	GlobalSection(SolutionConfigurationPlatforms) = preSolution
		Debug|Any CPU = Debug|Any CPU
		Release|Any CPU = Release|Any CPU
	EndGlobalSection
	GlobalSection(ProjectConfigurationPlatforms) = postSolution
		{A887ABD6-84C2-4AD9-902B-A9CAE41A748A}.Debug|Any CPU.ActiveCfg = Debug|Any CPU
		{A887ABD6-84C2-4AD9-902B-A9CAE41A748A}.Debug|Any CPU.Build.0 = Debug|Any CPU
		{A887ABD6-84C2-4AD9-902B-A9CAE41A748A}.Release|Any CPU.ActiveCfg = Release|Any CPU
		{A887ABD6-84C2-4AD9-902B-A9CAE41A748A}.Release|Any CPU.Build.0 = Release|Any CPU
		{328916EA-5F8C-4EA1-8D35-B786F5F545EA}.Debug|Any CPU.ActiveCfg = Debug|Any CPU
		{328916EA-5F8C-4EA1-8D35-B786F5F545EA}.Debug|Any CPU.Build.0 = Debug|Any CPU
		{328916EA-5F8C-4EA1-8D35-B786F5F545EA}.Release|Any CPU.ActiveCfg = Release|Any CPU
		{328916EA-5F8C-4EA1-8D35-B786F5F545EA}.Release|Any CPU.Build.0 = Release|Any CPU
		{55D6B312-5150-4046-A873-FC3547FCD858}.Debug|Any CPU.ActiveCfg = Debug|Any CPU
		{55D6B312-5150-4046-A873-FC3547FCD858}.Debug|Any CPU.Build.0 = Debug|Any CPU
		{55D6B312-5150-4046-A873-FC3547FCD858}.Release|Any CPU.ActiveCfg = Release|Any CPU
		{55D6B312-5150-4046-A873-FC3547FCD858}.Release|Any CPU.Build.0 = Release|Any CPU
		{E70207F9-8AA1-4A6E-9320-6B72723639CD}.Debug|Any CPU.ActiveCfg = Debug|Any CPU
		{E70207F9-8AA1-4A6E-9320-6B72723639CD}.Debug|Any CPU.Build.0 = Debug|Any CPU
		{E70207F9-8AA1-4A6E-9320-6B72723639CD}.Release|Any CPU.ActiveCfg = Release|Any CPU
		{E70207F9-8AA1-4A6E-9320-6B72723639CD}.Release|Any CPU.Build.0 = Release|Any CPU
		{BB2AF11F-AE56-49E4-AC09-4DD2DA17681A}.Debug|Any CPU.ActiveCfg = Debug|Any CPU
		{BB2AF11F-AE56-49E4-AC09-4DD2DA17681A}.Debug|Any CPU.Build.0 = Debug|Any CPU
		{BB2AF11F-AE56-49E4-AC09-4DD2DA17681A}.Release|Any CPU.ActiveCfg = Release|Any CPU
		{BB2AF11F-AE56-49E4-AC09-4DD2DA17681A}.Release|Any CPU.Build.0 = Release|Any CPU
		{B4F6E89B-70D8-4F56-B25F-1E3667799185}.Debug|Any CPU.ActiveCfg = Debug|Any CPU
		{B4F6E89B-70D8-4F56-B25F-1E3667799185}.Debug|Any CPU.Build.0 = Debug|Any CPU
		{B4F6E89B-70D8-4F56-B25F-1E3667799185}.Release|Any CPU.ActiveCfg = Release|Any CPU
		{B4F6E89B-70D8-4F56-B25F-1E3667799185}.Release|Any CPU.Build.0 = Release|Any CPU
		{63E7FB40-9DBC-47F0-9FE7-E4806C3BCD5B}.Debug|Any CPU.ActiveCfg = Debug|Any CPU
		{63E7FB40-9DBC-47F0-9FE7-E4806C3BCD5B}.Debug|Any CPU.Build.0 = Debug|Any CPU
		{63E7FB40-9DBC-47F0-9FE7-E4806C3BCD5B}.Release|Any CPU.ActiveCfg = Release|Any CPU
		{63E7FB40-9DBC-47F0-9FE7-E4806C3BCD5B}.Release|Any CPU.Build.0 = Release|Any CPU
		{4850229E-2DC6-4D40-908E-27F505D8BFDD}.Debug|Any CPU.ActiveCfg = Debug|Any CPU
		{4850229E-2DC6-4D40-908E-27F505D8BFDD}.Debug|Any CPU.Build.0 = Debug|Any CPU
		{4850229E-2DC6-4D40-908E-27F505D8BFDD}.Release|Any CPU.ActiveCfg = Release|Any CPU
		{4850229E-2DC6-4D40-908E-27F505D8BFDD}.Release|Any CPU.Build.0 = Release|Any CPU
		{E6FC16B0-0F2D-4DD5-9F8E-BAF46CC4DAAA}.Debug|Any CPU.ActiveCfg = Debug|Any CPU
		{E6FC16B0-0F2D-4DD5-9F8E-BAF46CC4DAAA}.Debug|Any CPU.Build.0 = Debug|Any CPU
		{E6FC16B0-0F2D-4DD5-9F8E-BAF46CC4DAAA}.Release|Any CPU.ActiveCfg = Release|Any CPU
		{E6FC16B0-0F2D-4DD5-9F8E-BAF46CC4DAAA}.Release|Any CPU.Build.0 = Release|Any CPU
		{9D3DA159-C600-49BB-AADA-0F6C1FBA7233}.Debug|Any CPU.ActiveCfg = Debug|Any CPU
		{9D3DA159-C600-49BB-AADA-0F6C1FBA7233}.Debug|Any CPU.Build.0 = Debug|Any CPU
		{9D3DA159-C600-49BB-AADA-0F6C1FBA7233}.Release|Any CPU.ActiveCfg = Release|Any CPU
		{9D3DA159-C600-49BB-AADA-0F6C1FBA7233}.Release|Any CPU.Build.0 = Release|Any CPU
		{A83C139E-36F2-4698-920C-E88814884C0B}.Debug|Any CPU.ActiveCfg = Debug|Any CPU
		{A83C139E-36F2-4698-920C-E88814884C0B}.Debug|Any CPU.Build.0 = Debug|Any CPU
		{A83C139E-36F2-4698-920C-E88814884C0B}.Release|Any CPU.ActiveCfg = Release|Any CPU
		{A83C139E-36F2-4698-920C-E88814884C0B}.Release|Any CPU.Build.0 = Release|Any CPU
		{EC540A7C-90EA-45E5-A227-EB2E75E34D28}.Debug|Any CPU.ActiveCfg = Debug|Any CPU
		{EC540A7C-90EA-45E5-A227-EB2E75E34D28}.Debug|Any CPU.Build.0 = Debug|Any CPU
		{EC540A7C-90EA-45E5-A227-EB2E75E34D28}.Release|Any CPU.ActiveCfg = Release|Any CPU
		{EC540A7C-90EA-45E5-A227-EB2E75E34D28}.Release|Any CPU.Build.0 = Release|Any CPU
		{1797F68A-6F9E-40C0-8C75-58B7B8D0D085}.Debug|Any CPU.ActiveCfg = Debug|Any CPU
		{1797F68A-6F9E-40C0-8C75-58B7B8D0D085}.Debug|Any CPU.Build.0 = Debug|Any CPU
		{1797F68A-6F9E-40C0-8C75-58B7B8D0D085}.Release|Any CPU.ActiveCfg = Release|Any CPU
		{1797F68A-6F9E-40C0-8C75-58B7B8D0D085}.Release|Any CPU.Build.0 = Release|Any CPU
		{E3EC5E9A-13FA-49B1-939B-BD01F583055B}.Debug|Any CPU.ActiveCfg = Debug|Any CPU
		{E3EC5E9A-13FA-49B1-939B-BD01F583055B}.Debug|Any CPU.Build.0 = Debug|Any CPU
		{E3EC5E9A-13FA-49B1-939B-BD01F583055B}.Release|Any CPU.ActiveCfg = Release|Any CPU
		{E3EC5E9A-13FA-49B1-939B-BD01F583055B}.Release|Any CPU.Build.0 = Release|Any CPU
		{3819E9A7-3EDB-428A-A9CE-AF01017D8A28}.Debug|Any CPU.ActiveCfg = Debug|Any CPU
		{3819E9A7-3EDB-428A-A9CE-AF01017D8A28}.Debug|Any CPU.Build.0 = Debug|Any CPU
		{3819E9A7-3EDB-428A-A9CE-AF01017D8A28}.Release|Any CPU.ActiveCfg = Release|Any CPU
		{3819E9A7-3EDB-428A-A9CE-AF01017D8A28}.Release|Any CPU.Build.0 = Release|Any CPU
		{4E8F37F2-B1A7-4D0E-A871-3DABDD5D1F0F}.Debug|Any CPU.ActiveCfg = Debug|Any CPU
		{4E8F37F2-B1A7-4D0E-A871-3DABDD5D1F0F}.Debug|Any CPU.Build.0 = Debug|Any CPU
		{4E8F37F2-B1A7-4D0E-A871-3DABDD5D1F0F}.Release|Any CPU.ActiveCfg = Release|Any CPU
		{4E8F37F2-B1A7-4D0E-A871-3DABDD5D1F0F}.Release|Any CPU.Build.0 = Release|Any CPU
		{B2ADB01F-AD31-4B97-A0D9-484EEE26131B}.Debug|Any CPU.ActiveCfg = Debug|Any CPU
		{B2ADB01F-AD31-4B97-A0D9-484EEE26131B}.Debug|Any CPU.Build.0 = Debug|Any CPU
		{B2ADB01F-AD31-4B97-A0D9-484EEE26131B}.Release|Any CPU.ActiveCfg = Release|Any CPU
		{B2ADB01F-AD31-4B97-A0D9-484EEE26131B}.Release|Any CPU.Build.0 = Release|Any CPU
		{C82BA76A-E270-4DC9-B4FB-33ED1451E9B3}.Debug|Any CPU.ActiveCfg = Debug|Any CPU
		{C82BA76A-E270-4DC9-B4FB-33ED1451E9B3}.Debug|Any CPU.Build.0 = Debug|Any CPU
		{C82BA76A-E270-4DC9-B4FB-33ED1451E9B3}.Release|Any CPU.ActiveCfg = Release|Any CPU
		{C82BA76A-E270-4DC9-B4FB-33ED1451E9B3}.Release|Any CPU.Build.0 = Release|Any CPU
		{583B44E3-DDB1-4764-B002-09769A6F9B41}.Debug|Any CPU.ActiveCfg = Debug|Any CPU
		{583B44E3-DDB1-4764-B002-09769A6F9B41}.Debug|Any CPU.Build.0 = Debug|Any CPU
		{583B44E3-DDB1-4764-B002-09769A6F9B41}.Release|Any CPU.ActiveCfg = Release|Any CPU
		{583B44E3-DDB1-4764-B002-09769A6F9B41}.Release|Any CPU.Build.0 = Release|Any CPU
		{D1AF4CDC-FB9C-4B8C-8AEC-C2F9FF41ED99}.Debug|Any CPU.ActiveCfg = Debug|Any CPU
		{D1AF4CDC-FB9C-4B8C-8AEC-C2F9FF41ED99}.Debug|Any CPU.Build.0 = Debug|Any CPU
		{D1AF4CDC-FB9C-4B8C-8AEC-C2F9FF41ED99}.Release|Any CPU.ActiveCfg = Release|Any CPU
		{D1AF4CDC-FB9C-4B8C-8AEC-C2F9FF41ED99}.Release|Any CPU.Build.0 = Release|Any CPU
		{332A917C-7149-4D84-AE30-B762DB3C44A5}.Debug|Any CPU.ActiveCfg = Debug|Any CPU
		{332A917C-7149-4D84-AE30-B762DB3C44A5}.Debug|Any CPU.Build.0 = Debug|Any CPU
		{332A917C-7149-4D84-AE30-B762DB3C44A5}.Release|Any CPU.ActiveCfg = Release|Any CPU
		{332A917C-7149-4D84-AE30-B762DB3C44A5}.Release|Any CPU.Build.0 = Release|Any CPU
		{1DED2E23-6135-444C-85E9-F0925CE2A89F}.Debug|Any CPU.ActiveCfg = Debug|Any CPU
		{1DED2E23-6135-444C-85E9-F0925CE2A89F}.Debug|Any CPU.Build.0 = Debug|Any CPU
		{1DED2E23-6135-444C-85E9-F0925CE2A89F}.Release|Any CPU.ActiveCfg = Release|Any CPU
		{1DED2E23-6135-444C-85E9-F0925CE2A89F}.Release|Any CPU.Build.0 = Release|Any CPU
		{34A3695D-BF53-4031-8D6C-B2C2FADC1819}.Debug|Any CPU.ActiveCfg = Debug|Any CPU
		{34A3695D-BF53-4031-8D6C-B2C2FADC1819}.Debug|Any CPU.Build.0 = Debug|Any CPU
		{34A3695D-BF53-4031-8D6C-B2C2FADC1819}.Release|Any CPU.ActiveCfg = Release|Any CPU
		{34A3695D-BF53-4031-8D6C-B2C2FADC1819}.Release|Any CPU.Build.0 = Release|Any CPU
		{6396A908-7F46-4720-BA8E-53D7EA41E198}.Debug|Any CPU.ActiveCfg = Debug|Any CPU
		{6396A908-7F46-4720-BA8E-53D7EA41E198}.Debug|Any CPU.Build.0 = Debug|Any CPU
		{6396A908-7F46-4720-BA8E-53D7EA41E198}.Release|Any CPU.ActiveCfg = Release|Any CPU
		{6396A908-7F46-4720-BA8E-53D7EA41E198}.Release|Any CPU.Build.0 = Release|Any CPU
		{18F13B85-F18F-4FB9-8D01-114C496529AE}.Debug|Any CPU.ActiveCfg = Debug|Any CPU
		{18F13B85-F18F-4FB9-8D01-114C496529AE}.Debug|Any CPU.Build.0 = Debug|Any CPU
		{18F13B85-F18F-4FB9-8D01-114C496529AE}.Release|Any CPU.ActiveCfg = Release|Any CPU
		{18F13B85-F18F-4FB9-8D01-114C496529AE}.Release|Any CPU.Build.0 = Release|Any CPU
		{6E454B72-85E2-48AC-90ED-E01BAA394B81}.Debug|Any CPU.ActiveCfg = Debug|Any CPU
		{6E454B72-85E2-48AC-90ED-E01BAA394B81}.Debug|Any CPU.Build.0 = Debug|Any CPU
		{6E454B72-85E2-48AC-90ED-E01BAA394B81}.Release|Any CPU.ActiveCfg = Release|Any CPU
		{6E454B72-85E2-48AC-90ED-E01BAA394B81}.Release|Any CPU.Build.0 = Release|Any CPU
		{C30533E3-3BB4-4100-ADCE-5619949403F5}.Debug|Any CPU.ActiveCfg = Debug|Any CPU
		{C30533E3-3BB4-4100-ADCE-5619949403F5}.Debug|Any CPU.Build.0 = Debug|Any CPU
		{C30533E3-3BB4-4100-ADCE-5619949403F5}.Release|Any CPU.ActiveCfg = Release|Any CPU
		{C30533E3-3BB4-4100-ADCE-5619949403F5}.Release|Any CPU.Build.0 = Release|Any CPU
		{5478B089-BEC2-4622-8705-EAB8FA41904E}.Debug|Any CPU.ActiveCfg = Debug|Any CPU
		{5478B089-BEC2-4622-8705-EAB8FA41904E}.Debug|Any CPU.Build.0 = Debug|Any CPU
		{5478B089-BEC2-4622-8705-EAB8FA41904E}.Release|Any CPU.ActiveCfg = Release|Any CPU
		{5478B089-BEC2-4622-8705-EAB8FA41904E}.Release|Any CPU.Build.0 = Release|Any CPU
		{12DB3A3C-DF36-491B-8379-35F6EFDF7266}.Debug|Any CPU.ActiveCfg = Debug|Any CPU
		{12DB3A3C-DF36-491B-8379-35F6EFDF7266}.Debug|Any CPU.Build.0 = Debug|Any CPU
		{12DB3A3C-DF36-491B-8379-35F6EFDF7266}.Release|Any CPU.ActiveCfg = Release|Any CPU
		{12DB3A3C-DF36-491B-8379-35F6EFDF7266}.Release|Any CPU.Build.0 = Release|Any CPU
		{6E08F0FD-5FDC-4A6F-B7AB-FD08EB08D9AB}.Debug|Any CPU.ActiveCfg = Debug|Any CPU
		{6E08F0FD-5FDC-4A6F-B7AB-FD08EB08D9AB}.Debug|Any CPU.Build.0 = Debug|Any CPU
		{6E08F0FD-5FDC-4A6F-B7AB-FD08EB08D9AB}.Release|Any CPU.ActiveCfg = Release|Any CPU
		{6E08F0FD-5FDC-4A6F-B7AB-FD08EB08D9AB}.Release|Any CPU.Build.0 = Release|Any CPU
		{A29CAEDE-25EB-4968-AA96-F3ECFA7B5BDF}.Debug|Any CPU.ActiveCfg = Debug|Any CPU
		{A29CAEDE-25EB-4968-AA96-F3ECFA7B5BDF}.Debug|Any CPU.Build.0 = Debug|Any CPU
		{A29CAEDE-25EB-4968-AA96-F3ECFA7B5BDF}.Release|Any CPU.ActiveCfg = Release|Any CPU
		{A29CAEDE-25EB-4968-AA96-F3ECFA7B5BDF}.Release|Any CPU.Build.0 = Release|Any CPU
		{7A0BEB87-92FA-4BF3-9F49-E2748B9CA8F3}.Debug|Any CPU.ActiveCfg = Debug|Any CPU
		{7A0BEB87-92FA-4BF3-9F49-E2748B9CA8F3}.Debug|Any CPU.Build.0 = Debug|Any CPU
		{7A0BEB87-92FA-4BF3-9F49-E2748B9CA8F3}.Release|Any CPU.ActiveCfg = Release|Any CPU
		{7A0BEB87-92FA-4BF3-9F49-E2748B9CA8F3}.Release|Any CPU.Build.0 = Release|Any CPU
		{5638CE3E-E900-4D60-9002-793C4BC8327F}.Debug|Any CPU.ActiveCfg = Debug|Any CPU
		{5638CE3E-E900-4D60-9002-793C4BC8327F}.Debug|Any CPU.Build.0 = Debug|Any CPU
		{5638CE3E-E900-4D60-9002-793C4BC8327F}.Release|Any CPU.ActiveCfg = Release|Any CPU
		{5638CE3E-E900-4D60-9002-793C4BC8327F}.Release|Any CPU.Build.0 = Release|Any CPU
		{25545948-E7D1-41F5-B122-55F98BEB7E4C}.Debug|Any CPU.ActiveCfg = Debug|Any CPU
		{25545948-E7D1-41F5-B122-55F98BEB7E4C}.Debug|Any CPU.Build.0 = Debug|Any CPU
		{25545948-E7D1-41F5-B122-55F98BEB7E4C}.Release|Any CPU.ActiveCfg = Release|Any CPU
		{25545948-E7D1-41F5-B122-55F98BEB7E4C}.Release|Any CPU.Build.0 = Release|Any CPU
		{0713D05F-D444-48C5-9EBD-390ECAEA44AD}.Debug|Any CPU.ActiveCfg = Debug|Any CPU
		{0713D05F-D444-48C5-9EBD-390ECAEA44AD}.Debug|Any CPU.Build.0 = Debug|Any CPU
		{0713D05F-D444-48C5-9EBD-390ECAEA44AD}.Release|Any CPU.ActiveCfg = Release|Any CPU
		{0713D05F-D444-48C5-9EBD-390ECAEA44AD}.Release|Any CPU.Build.0 = Release|Any CPU
		{7BC9F987-5B36-4CE1-BE50-F015049697EF}.Debug|Any CPU.ActiveCfg = Debug|Any CPU
		{7BC9F987-5B36-4CE1-BE50-F015049697EF}.Debug|Any CPU.Build.0 = Debug|Any CPU
		{7BC9F987-5B36-4CE1-BE50-F015049697EF}.Release|Any CPU.ActiveCfg = Release|Any CPU
		{7BC9F987-5B36-4CE1-BE50-F015049697EF}.Release|Any CPU.Build.0 = Release|Any CPU
		{85FD7660-046A-47EF-8DD2-FD1B41590943}.Debug|Any CPU.ActiveCfg = Debug|Any CPU
		{85FD7660-046A-47EF-8DD2-FD1B41590943}.Debug|Any CPU.Build.0 = Debug|Any CPU
		{85FD7660-046A-47EF-8DD2-FD1B41590943}.Release|Any CPU.ActiveCfg = Release|Any CPU
		{85FD7660-046A-47EF-8DD2-FD1B41590943}.Release|Any CPU.Build.0 = Release|Any CPU
		{E3FC735E-01AD-4F79-9271-959C79470368}.Debug|Any CPU.ActiveCfg = Debug|Any CPU
		{E3FC735E-01AD-4F79-9271-959C79470368}.Debug|Any CPU.Build.0 = Debug|Any CPU
		{E3FC735E-01AD-4F79-9271-959C79470368}.Release|Any CPU.ActiveCfg = Release|Any CPU
		{E3FC735E-01AD-4F79-9271-959C79470368}.Release|Any CPU.Build.0 = Release|Any CPU
		{2731FAF4-AE50-42A3-A2D7-9A3F6C66FDEE}.Debug|Any CPU.ActiveCfg = Debug|Any CPU
		{2731FAF4-AE50-42A3-A2D7-9A3F6C66FDEE}.Debug|Any CPU.Build.0 = Debug|Any CPU
		{2731FAF4-AE50-42A3-A2D7-9A3F6C66FDEE}.Release|Any CPU.ActiveCfg = Release|Any CPU
		{2731FAF4-AE50-42A3-A2D7-9A3F6C66FDEE}.Release|Any CPU.Build.0 = Release|Any CPU
		{BC7D1E88-9CD8-4B2A-B8B0-25FF77C7A7CE}.Debug|Any CPU.ActiveCfg = Debug|Any CPU
		{BC7D1E88-9CD8-4B2A-B8B0-25FF77C7A7CE}.Debug|Any CPU.Build.0 = Debug|Any CPU
		{BC7D1E88-9CD8-4B2A-B8B0-25FF77C7A7CE}.Release|Any CPU.ActiveCfg = Release|Any CPU
		{BC7D1E88-9CD8-4B2A-B8B0-25FF77C7A7CE}.Release|Any CPU.Build.0 = Release|Any CPU
		{7967215C-CDF8-4FF6-9680-1AE41FCE86A1}.Debug|Any CPU.ActiveCfg = Debug|Any CPU
		{7967215C-CDF8-4FF6-9680-1AE41FCE86A1}.Debug|Any CPU.Build.0 = Debug|Any CPU
		{7967215C-CDF8-4FF6-9680-1AE41FCE86A1}.Release|Any CPU.ActiveCfg = Release|Any CPU
		{7967215C-CDF8-4FF6-9680-1AE41FCE86A1}.Release|Any CPU.Build.0 = Release|Any CPU
		{767E983B-E009-4C7A-9B41-E26454BC47DF}.Debug|Any CPU.ActiveCfg = Debug|Any CPU
		{767E983B-E009-4C7A-9B41-E26454BC47DF}.Debug|Any CPU.Build.0 = Debug|Any CPU
		{767E983B-E009-4C7A-9B41-E26454BC47DF}.Release|Any CPU.ActiveCfg = Release|Any CPU
		{767E983B-E009-4C7A-9B41-E26454BC47DF}.Release|Any CPU.Build.0 = Release|Any CPU
	EndGlobalSection
	GlobalSection(SolutionProperties) = preSolution
		HideSolutionNode = FALSE
	EndGlobalSection
	GlobalSection(NestedProjects) = preSolution
		{328916EA-5F8C-4EA1-8D35-B786F5F545EA} = {47B89ED0-9807-4F18-9738-42E408B096C3}
		{55D6B312-5150-4046-A873-FC3547FCD858} = {47B89ED0-9807-4F18-9738-42E408B096C3}
		{E70207F9-8AA1-4A6E-9320-6B72723639CD} = {47B89ED0-9807-4F18-9738-42E408B096C3}
		{BB2AF11F-AE56-49E4-AC09-4DD2DA17681A} = {47B89ED0-9807-4F18-9738-42E408B096C3}
		{B4F6E89B-70D8-4F56-B25F-1E3667799185} = {47B89ED0-9807-4F18-9738-42E408B096C3}
		{63E7FB40-9DBC-47F0-9FE7-E4806C3BCD5B} = {47B89ED0-9807-4F18-9738-42E408B096C3}
		{4850229E-2DC6-4D40-908E-27F505D8BFDD} = {47B89ED0-9807-4F18-9738-42E408B096C3}
		{E6FC16B0-0F2D-4DD5-9F8E-BAF46CC4DAAA} = {22561037-D2FA-47CE-88DC-CF3ABF281872}
		{9D3DA159-C600-49BB-AADA-0F6C1FBA7233} = {22561037-D2FA-47CE-88DC-CF3ABF281872}
		{A83C139E-36F2-4698-920C-E88814884C0B} = {22561037-D2FA-47CE-88DC-CF3ABF281872}
		{EC540A7C-90EA-45E5-A227-EB2E75E34D28} = {22561037-D2FA-47CE-88DC-CF3ABF281872}
		{1797F68A-6F9E-40C0-8C75-58B7B8D0D085} = {22561037-D2FA-47CE-88DC-CF3ABF281872}
		{E3EC5E9A-13FA-49B1-939B-BD01F583055B} = {22561037-D2FA-47CE-88DC-CF3ABF281872}
		{3819E9A7-3EDB-428A-A9CE-AF01017D8A28} = {22561037-D2FA-47CE-88DC-CF3ABF281872}
		{4E8F37F2-B1A7-4D0E-A871-3DABDD5D1F0F} = {22561037-D2FA-47CE-88DC-CF3ABF281872}
		{B2ADB01F-AD31-4B97-A0D9-484EEE26131B} = {22561037-D2FA-47CE-88DC-CF3ABF281872}
		{C82BA76A-E270-4DC9-B4FB-33ED1451E9B3} = {B9E8FFD0-AA4D-4006-A125-41AEF79FCB79}
		{583B44E3-DDB1-4764-B002-09769A6F9B41} = {B9E8FFD0-AA4D-4006-A125-41AEF79FCB79}
		{D1AF4CDC-FB9C-4B8C-8AEC-C2F9FF41ED99} = {B9E8FFD0-AA4D-4006-A125-41AEF79FCB79}
		{332A917C-7149-4D84-AE30-B762DB3C44A5} = {B9E8FFD0-AA4D-4006-A125-41AEF79FCB79}
		{1DED2E23-6135-444C-85E9-F0925CE2A89F} = {B9E8FFD0-AA4D-4006-A125-41AEF79FCB79}
		{34A3695D-BF53-4031-8D6C-B2C2FADC1819} = {B9E8FFD0-AA4D-4006-A125-41AEF79FCB79}
		{6396A908-7F46-4720-BA8E-53D7EA41E198} = {B9E8FFD0-AA4D-4006-A125-41AEF79FCB79}
		{18F13B85-F18F-4FB9-8D01-114C496529AE} = {6C91AE6E-E063-49DC-BE4C-20DA034D47F7}
		{6E454B72-85E2-48AC-90ED-E01BAA394B81} = {6C91AE6E-E063-49DC-BE4C-20DA034D47F7}
		{C30533E3-3BB4-4100-ADCE-5619949403F5} = {6C91AE6E-E063-49DC-BE4C-20DA034D47F7}
		{5478B089-BEC2-4622-8705-EAB8FA41904E} = {6C91AE6E-E063-49DC-BE4C-20DA034D47F7}
		{12DB3A3C-DF36-491B-8379-35F6EFDF7266} = {6C91AE6E-E063-49DC-BE4C-20DA034D47F7}
		{6E08F0FD-5FDC-4A6F-B7AB-FD08EB08D9AB} = {6C91AE6E-E063-49DC-BE4C-20DA034D47F7}
		{A29CAEDE-25EB-4968-AA96-F3ECFA7B5BDF} = {6C91AE6E-E063-49DC-BE4C-20DA034D47F7}
		{7A0BEB87-92FA-4BF3-9F49-E2748B9CA8F3} = {33BC2A3B-DC1F-4C34-9EE0-540327BF6B2C}
		{5638CE3E-E900-4D60-9002-793C4BC8327F} = {33BC2A3B-DC1F-4C34-9EE0-540327BF6B2C}
		{25545948-E7D1-41F5-B122-55F98BEB7E4C} = {33BC2A3B-DC1F-4C34-9EE0-540327BF6B2C}
		{0713D05F-D444-48C5-9EBD-390ECAEA44AD} = {33BC2A3B-DC1F-4C34-9EE0-540327BF6B2C}
		{7BC9F987-5B36-4CE1-BE50-F015049697EF} = {33BC2A3B-DC1F-4C34-9EE0-540327BF6B2C}
		{85FD7660-046A-47EF-8DD2-FD1B41590943} = {33BC2A3B-DC1F-4C34-9EE0-540327BF6B2C}
		{E3FC735E-01AD-4F79-9271-959C79470368} = {33BC2A3B-DC1F-4C34-9EE0-540327BF6B2C}
		{2731FAF4-AE50-42A3-A2D7-9A3F6C66FDEE} = {67363854-BD4A-4974-ACBB-DCC3E78C77F5}
		{BC7D1E88-9CD8-4B2A-B8B0-25FF77C7A7CE} = {67363854-BD4A-4974-ACBB-DCC3E78C77F5}
		{7967215C-CDF8-4FF6-9680-1AE41FCE86A1} = {67363854-BD4A-4974-ACBB-DCC3E78C77F5}
		{767E983B-E009-4C7A-9B41-E26454BC47DF} = {67363854-BD4A-4974-ACBB-DCC3E78C77F5}
	EndGlobalSection
	GlobalSection(ExtensibilityGlobals) = postSolution
		SolutionGuid = {41F28F85-D6B7-4074-B9BD-457790AEC3F9}
	EndGlobalSection
EndGlobal
