
Microsoft Visual Studio Solution File, Format Version 12.00
# Visual Studio Version 17
VisualStudioVersion = 17.5.002.0
MinimumVisualStudioVersion = 10.0.40219.1
Project("{9A19103F-16F7-4668-BE54-9A1E7A4F7556}") = "functions", "functions\functions.csproj", "{9CBCBC20-19DF-41BB-8310-327832062670}"
EndProject
Project("{2150E333-8FDC-42A3-9474-1A3956D46DE8}") = "seminar1", "seminar1", "{9A758354-27B6-41FD-B504-C08EFCBBE38A}"
EndProject
Project("{9A19103F-16F7-4668-BE54-9A1E7A4F7556}") = "hw1", "seminar1\hw1\hw1.csproj", "{66C4E2BF-318A-492C-B10C-7D16F7EBF870}"
EndProject
Project("{9A19103F-16F7-4668-BE54-9A1E7A4F7556}") = "hw2", "seminar1\hw2\hw2.csproj", "{711C2AE5-E739-4685-A4A4-E2489C398803}"
EndProject
Project("{9A19103F-16F7-4668-BE54-9A1E7A4F7556}") = "hw3", "seminar1\hw3\hw3.csproj", "{FE0A8780-D408-402E-8012-B3B480BDE086}"
EndProject
Project("{9A19103F-16F7-4668-BE54-9A1E7A4F7556}") = "hw4", "seminar1\hw4\hw4.csproj", "{949F039E-8F9E-483C-A8D2-F758B1908C36}"
EndProject
Project("{9A19103F-16F7-4668-BE54-9A1E7A4F7556}") = "task1", "seminar1\task1\task1.csproj", "{5A9885E6-1068-4006-B4EC-82A126882469}"
EndProject
Project("{9A19103F-16F7-4668-BE54-9A1E7A4F7556}") = "task2", "seminar1\task2\task2.csproj", "{56D3291E-95D0-4ED9-9851-3628D8516239}"
EndProject
Project("{9A19103F-16F7-4668-BE54-9A1E7A4F7556}") = "task3", "seminar1\task3\task3.csproj", "{F11A47BF-44BA-4178-9599-9AF92EB6243C}"
EndProject
Project("{2150E333-8FDC-42A3-9474-1A3956D46DE8}") = "seminar2", "seminar2", "{33C829D5-B625-42B8-BEFF-C51F7E87D1D2}"
EndProject
Project("{9A19103F-16F7-4668-BE54-9A1E7A4F7556}") = "homework4_1", "seminar2\homework4_1\homework4_1.csproj", "{D408EB4C-B2FE-4D4E-B319-342321E6E4ED}"
EndProject
Project("{9A19103F-16F7-4668-BE54-9A1E7A4F7556}") = "homework_1", "seminar2\homework_1\homework_1.csproj", "{FEA687CF-A7A9-4AC1-AF7E-6DD50488D1E0}"
EndProject
Project("{9A19103F-16F7-4668-BE54-9A1E7A4F7556}") = "homework_2", "seminar2\homework_2\homework_2.csproj", "{5A64E5A9-B817-44BA-9436-E3B8C5226F1D}"
EndProject
Project("{9A19103F-16F7-4668-BE54-9A1E7A4F7556}") = "homework_3", "seminar2\homework_3\homework_3.csproj", "{27559BF6-D88C-4A63-AA6D-3E3E5D487A34}"
EndProject
Project("{9A19103F-16F7-4668-BE54-9A1E7A4F7556}") = "homework_4", "seminar2\homework_4\homework_4.csproj", "{E9079B13-2373-4B7B-BE32-063E2BA5B4E7}"
EndProject
Project("{9A19103F-16F7-4668-BE54-9A1E7A4F7556}") = "task1", "seminar2\task1\task1.csproj", "{F29CC81B-60A8-45CA-8868-5571BF7124C2}"
EndProject
Project("{9A19103F-16F7-4668-BE54-9A1E7A4F7556}") = "task2", "seminar2\task2\task2.csproj", "{B31AFE0B-2645-4718-8444-781501C3021A}"
EndProject
Project("{9A19103F-16F7-4668-BE54-9A1E7A4F7556}") = "task3", "seminar2\task3\task3.csproj", "{5FDB2A7D-DB0E-45F6-B1C4-833A12000829}"
EndProject
Project("{9A19103F-16F7-4668-BE54-9A1E7A4F7556}") = "task4", "seminar2\task4\task4.csproj", "{2F0D006F-514B-4851-BDA0-0BD304E08E6E}"
EndProject
Project("{2150E333-8FDC-42A3-9474-1A3956D46DE8}") = "seminar3", "seminar3", "{E0306246-BAD9-4EED-9D2A-D90EDBDB808F}"
EndProject
Project("{9A19103F-16F7-4668-BE54-9A1E7A4F7556}") = "class", "seminar3\class\class.csproj", "{8A9FBA0D-DB88-46EB-B0B5-C4AD57770B17}"
EndProject
Project("{9A19103F-16F7-4668-BE54-9A1E7A4F7556}") = "homework1", "seminar3\homework1\homework1.csproj", "{DBB70395-51CB-44FD-9917-28CF0DD8EBFC}"
EndProject
Project("{9A19103F-16F7-4668-BE54-9A1E7A4F7556}") = "homework2", "seminar3\homework2\homework2.csproj", "{49E65BDE-BB94-47B2-ACB8-873522B67E0D}"
EndProject
Project("{9A19103F-16F7-4668-BE54-9A1E7A4F7556}") = "homework3", "seminar3\homework3\homework3.csproj", "{AF1251D9-53E5-4229-B66C-D81C11C66515}"
EndProject
Project("{9A19103F-16F7-4668-BE54-9A1E7A4F7556}") = "task1", "seminar3\task1\task1.csproj", "{DFC61383-4980-429C-939E-6B3A4A7DAA11}"
EndProject
Project("{9A19103F-16F7-4668-BE54-9A1E7A4F7556}") = "task2", "seminar3\task2\task2.csproj", "{6900E726-A624-4063-A437-86B3D0FF6100}"
EndProject
Project("{9A19103F-16F7-4668-BE54-9A1E7A4F7556}") = "task3", "seminar3\task3\task3.csproj", "{70E03540-ABFB-45E8-907B-E51F4F344CDF}"
EndProject
Project("{2150E333-8FDC-42A3-9474-1A3956D46DE8}") = "seminar4", "seminar4", "{94515548-5D0A-44B5-870E-4F63065BD3CC}"
EndProject
Project("{9A19103F-16F7-4668-BE54-9A1E7A4F7556}") = "functions", "seminar4\functions\functions.csproj", "{5B68364A-BADD-4B85-986E-737D9131424B}"
EndProject
Project("{9A19103F-16F7-4668-BE54-9A1E7A4F7556}") = "homework1", "seminar4\homework1\homework1.csproj", "{F2D586FD-9D26-4585-B185-1F2F31330C86}"
EndProject
Project("{9A19103F-16F7-4668-BE54-9A1E7A4F7556}") = "homework2", "seminar4\homework2\homework2.csproj", "{66854DC6-2858-4127-BEA2-52ABC15FEEB9}"
EndProject
Project("{9A19103F-16F7-4668-BE54-9A1E7A4F7556}") = "homework3", "seminar4\homework3\homework3.csproj", "{886E4446-A783-4CB0-BCDB-536FCB930C65}"
EndProject
Project("{9A19103F-16F7-4668-BE54-9A1E7A4F7556}") = "task1", "seminar4\task1\task1.csproj", "{56E4CDCF-D437-48CA-AB00-DBF1600348E0}"
EndProject
Project("{9A19103F-16F7-4668-BE54-9A1E7A4F7556}") = "task2", "seminar4\task2\task2.csproj", "{54898A17-A323-45DD-89C9-C360D80D9BCA}"
EndProject
Project("{9A19103F-16F7-4668-BE54-9A1E7A4F7556}") = "task3", "seminar4\task3\task3.csproj", "{BEA4820D-361E-40E8-876E-2A2C6CEAFE5B}"
EndProject
Project("{2150E333-8FDC-42A3-9474-1A3956D46DE8}") = "seminar5", "seminar5", "{6BC25F09-AF88-4021-BFAC-D8ED7BB24ECC}"
EndProject
Project("{9A19103F-16F7-4668-BE54-9A1E7A4F7556}") = "class", "seminar5\class\class.csproj", "{8104C181-BA17-433D-A194-B193B55FC025}"
EndProject
Project("{9A19103F-16F7-4668-BE54-9A1E7A4F7556}") = "homework1", "seminar5\homework1\homework1.csproj", "{26D8375B-43E8-42B7-AC91-4B2655868D7B}"
EndProject
Project("{9A19103F-16F7-4668-BE54-9A1E7A4F7556}") = "homework2", "seminar5\homework2\homework2.csproj", "{8EA02864-6B75-4508-A5FD-11119F35BA47}"
EndProject
Project("{9A19103F-16F7-4668-BE54-9A1E7A4F7556}") = "homework3", "seminar5\homework3\homework3.csproj", "{5AD6B440-0333-4196-82CA-58ACB6594D17}"
EndProject
Project("{9A19103F-16F7-4668-BE54-9A1E7A4F7556}") = "task1", "seminar5\task1\task1.csproj", "{2E1B72EF-4E0F-4B29-945B-C85BC6134A20}"
EndProject
Project("{9A19103F-16F7-4668-BE54-9A1E7A4F7556}") = "task2", "seminar5\task2\task2.csproj", "{7DDC6C35-1E20-4298-98B9-9417CED53057}"
EndProject
Project("{9A19103F-16F7-4668-BE54-9A1E7A4F7556}") = "task3", "seminar5\task3\task3.csproj", "{2AECE7F7-4232-4852-AE69-4B46D27A913A}"
EndProject
Project("{2150E333-8FDC-42A3-9474-1A3956D46DE8}") = "seminar6", "seminar6", "{61BA2273-ADCF-4C87-8DC2-123B7EF9D043}"
EndProject
Project("{9A19103F-16F7-4668-BE54-9A1E7A4F7556}") = "homework1", "seminar6\homework1\homework1.csproj", "{66483D0B-386B-4256-932A-714DA56709D6}"
EndProject
Project("{9A19103F-16F7-4668-BE54-9A1E7A4F7556}") = "homework3", "seminar6\homework3\homework3.csproj", "{AB6C419C-D518-4497-9750-E92025DB237F}"
EndProject
Project("{9A19103F-16F7-4668-BE54-9A1E7A4F7556}") = "homework4", "seminar6\homework4\homework4.csproj", "{108C8B21-4138-4C33-BFDD-8A59775A1C70}"
EndProject
Project("{9A19103F-16F7-4668-BE54-9A1E7A4F7556}") = "task1", "seminar6\task1\task1.csproj", "{28E9DAF9-B307-4B56-8595-E44977F05B96}"
EndProject
Project("{9A19103F-16F7-4668-BE54-9A1E7A4F7556}") = "task2", "seminar6\task2\task2.csproj", "{6E93BCFC-D775-47BF-BFD6-DAE522FCBA93}"
EndProject
Project("{9A19103F-16F7-4668-BE54-9A1E7A4F7556}") = "task3", "seminar6\task3\task3.csproj", "{0771493E-59B7-4B0E-8703-2ADC6B7EF727}"
EndProject
Project("{2150E333-8FDC-42A3-9474-1A3956D46DE8}") = "seminar7", "seminar7", "{6F3BA0F5-7351-43B1-96FC-04507FF1FD70}"
EndProject
Project("{9A19103F-16F7-4668-BE54-9A1E7A4F7556}") = "homework1", "seminar7\homework1\homework1.csproj", "{3A134132-F38E-4C8F-9ECE-C061E4605703}"
EndProject
Project("{9A19103F-16F7-4668-BE54-9A1E7A4F7556}") = "homework2", "seminar7\homework2\homework2.csproj", "{AAA72C3D-8762-4657-880D-90522C3236C0}"
EndProject
Project("{9A19103F-16F7-4668-BE54-9A1E7A4F7556}") = "homework3", "seminar7\homework3\homework3.csproj", "{AE03FB22-0CB1-4914-9235-0CC9D047A4BE}"
EndProject
Project("{9A19103F-16F7-4668-BE54-9A1E7A4F7556}") = "task1", "seminar7\task1\task1.csproj", "{29038E2C-05A8-43B6-B4EE-BE4424E9F99E}"
EndProject
Project("{9A19103F-16F7-4668-BE54-9A1E7A4F7556}") = "task2", "seminar7\task2\task2.csproj", "{A3888478-8695-4161-9D11-5D17ADC8ACBD}"
EndProject
Global
	GlobalSection(SolutionConfigurationPlatforms) = preSolution
		Debug|Any CPU = Debug|Any CPU
		Release|Any CPU = Release|Any CPU
	EndGlobalSection
	GlobalSection(ProjectConfigurationPlatforms) = postSolution
		{9CBCBC20-19DF-41BB-8310-327832062670}.Debug|Any CPU.ActiveCfg = Debug|Any CPU
		{9CBCBC20-19DF-41BB-8310-327832062670}.Debug|Any CPU.Build.0 = Debug|Any CPU
		{9CBCBC20-19DF-41BB-8310-327832062670}.Release|Any CPU.ActiveCfg = Release|Any CPU
		{9CBCBC20-19DF-41BB-8310-327832062670}.Release|Any CPU.Build.0 = Release|Any CPU
		{66C4E2BF-318A-492C-B10C-7D16F7EBF870}.Debug|Any CPU.ActiveCfg = Debug|Any CPU
		{66C4E2BF-318A-492C-B10C-7D16F7EBF870}.Debug|Any CPU.Build.0 = Debug|Any CPU
		{66C4E2BF-318A-492C-B10C-7D16F7EBF870}.Release|Any CPU.ActiveCfg = Release|Any CPU
		{66C4E2BF-318A-492C-B10C-7D16F7EBF870}.Release|Any CPU.Build.0 = Release|Any CPU
		{711C2AE5-E739-4685-A4A4-E2489C398803}.Debug|Any CPU.ActiveCfg = Debug|Any CPU
		{711C2AE5-E739-4685-A4A4-E2489C398803}.Debug|Any CPU.Build.0 = Debug|Any CPU
		{711C2AE5-E739-4685-A4A4-E2489C398803}.Release|Any CPU.ActiveCfg = Release|Any CPU
		{711C2AE5-E739-4685-A4A4-E2489C398803}.Release|Any CPU.Build.0 = Release|Any CPU
		{FE0A8780-D408-402E-8012-B3B480BDE086}.Debug|Any CPU.ActiveCfg = Debug|Any CPU
		{FE0A8780-D408-402E-8012-B3B480BDE086}.Debug|Any CPU.Build.0 = Debug|Any CPU
		{FE0A8780-D408-402E-8012-B3B480BDE086}.Release|Any CPU.ActiveCfg = Release|Any CPU
		{FE0A8780-D408-402E-8012-B3B480BDE086}.Release|Any CPU.Build.0 = Release|Any CPU
		{949F039E-8F9E-483C-A8D2-F758B1908C36}.Debug|Any CPU.ActiveCfg = Debug|Any CPU
		{949F039E-8F9E-483C-A8D2-F758B1908C36}.Debug|Any CPU.Build.0 = Debug|Any CPU
		{949F039E-8F9E-483C-A8D2-F758B1908C36}.Release|Any CPU.ActiveCfg = Release|Any CPU
		{949F039E-8F9E-483C-A8D2-F758B1908C36}.Release|Any CPU.Build.0 = Release|Any CPU
		{5A9885E6-1068-4006-B4EC-82A126882469}.Debug|Any CPU.ActiveCfg = Debug|Any CPU
		{5A9885E6-1068-4006-B4EC-82A126882469}.Debug|Any CPU.Build.0 = Debug|Any CPU
		{5A9885E6-1068-4006-B4EC-82A126882469}.Release|Any CPU.ActiveCfg = Release|Any CPU
		{5A9885E6-1068-4006-B4EC-82A126882469}.Release|Any CPU.Build.0 = Release|Any CPU
		{56D3291E-95D0-4ED9-9851-3628D8516239}.Debug|Any CPU.ActiveCfg = Debug|Any CPU
		{56D3291E-95D0-4ED9-9851-3628D8516239}.Debug|Any CPU.Build.0 = Debug|Any CPU
		{56D3291E-95D0-4ED9-9851-3628D8516239}.Release|Any CPU.ActiveCfg = Release|Any CPU
		{56D3291E-95D0-4ED9-9851-3628D8516239}.Release|Any CPU.Build.0 = Release|Any CPU
		{F11A47BF-44BA-4178-9599-9AF92EB6243C}.Debug|Any CPU.ActiveCfg = Debug|Any CPU
		{F11A47BF-44BA-4178-9599-9AF92EB6243C}.Debug|Any CPU.Build.0 = Debug|Any CPU
		{F11A47BF-44BA-4178-9599-9AF92EB6243C}.Release|Any CPU.ActiveCfg = Release|Any CPU
		{F11A47BF-44BA-4178-9599-9AF92EB6243C}.Release|Any CPU.Build.0 = Release|Any CPU
		{D408EB4C-B2FE-4D4E-B319-342321E6E4ED}.Debug|Any CPU.ActiveCfg = Debug|Any CPU
		{D408EB4C-B2FE-4D4E-B319-342321E6E4ED}.Debug|Any CPU.Build.0 = Debug|Any CPU
		{D408EB4C-B2FE-4D4E-B319-342321E6E4ED}.Release|Any CPU.ActiveCfg = Release|Any CPU
		{D408EB4C-B2FE-4D4E-B319-342321E6E4ED}.Release|Any CPU.Build.0 = Release|Any CPU
		{FEA687CF-A7A9-4AC1-AF7E-6DD50488D1E0}.Debug|Any CPU.ActiveCfg = Debug|Any CPU
		{FEA687CF-A7A9-4AC1-AF7E-6DD50488D1E0}.Debug|Any CPU.Build.0 = Debug|Any CPU
		{FEA687CF-A7A9-4AC1-AF7E-6DD50488D1E0}.Release|Any CPU.ActiveCfg = Release|Any CPU
		{FEA687CF-A7A9-4AC1-AF7E-6DD50488D1E0}.Release|Any CPU.Build.0 = Release|Any CPU
		{5A64E5A9-B817-44BA-9436-E3B8C5226F1D}.Debug|Any CPU.ActiveCfg = Debug|Any CPU
		{5A64E5A9-B817-44BA-9436-E3B8C5226F1D}.Debug|Any CPU.Build.0 = Debug|Any CPU
		{5A64E5A9-B817-44BA-9436-E3B8C5226F1D}.Release|Any CPU.ActiveCfg = Release|Any CPU
		{5A64E5A9-B817-44BA-9436-E3B8C5226F1D}.Release|Any CPU.Build.0 = Release|Any CPU
		{27559BF6-D88C-4A63-AA6D-3E3E5D487A34}.Debug|Any CPU.ActiveCfg = Debug|Any CPU
		{27559BF6-D88C-4A63-AA6D-3E3E5D487A34}.Debug|Any CPU.Build.0 = Debug|Any CPU
		{27559BF6-D88C-4A63-AA6D-3E3E5D487A34}.Release|Any CPU.ActiveCfg = Release|Any CPU
		{27559BF6-D88C-4A63-AA6D-3E3E5D487A34}.Release|Any CPU.Build.0 = Release|Any CPU
		{E9079B13-2373-4B7B-BE32-063E2BA5B4E7}.Debug|Any CPU.ActiveCfg = Debug|Any CPU
		{E9079B13-2373-4B7B-BE32-063E2BA5B4E7}.Debug|Any CPU.Build.0 = Debug|Any CPU
		{E9079B13-2373-4B7B-BE32-063E2BA5B4E7}.Release|Any CPU.ActiveCfg = Release|Any CPU
		{E9079B13-2373-4B7B-BE32-063E2BA5B4E7}.Release|Any CPU.Build.0 = Release|Any CPU
		{F29CC81B-60A8-45CA-8868-5571BF7124C2}.Debug|Any CPU.ActiveCfg = Debug|Any CPU
		{F29CC81B-60A8-45CA-8868-5571BF7124C2}.Debug|Any CPU.Build.0 = Debug|Any CPU
		{F29CC81B-60A8-45CA-8868-5571BF7124C2}.Release|Any CPU.ActiveCfg = Release|Any CPU
		{F29CC81B-60A8-45CA-8868-5571BF7124C2}.Release|Any CPU.Build.0 = Release|Any CPU
		{B31AFE0B-2645-4718-8444-781501C3021A}.Debug|Any CPU.ActiveCfg = Debug|Any CPU
		{B31AFE0B-2645-4718-8444-781501C3021A}.Debug|Any CPU.Build.0 = Debug|Any CPU
		{B31AFE0B-2645-4718-8444-781501C3021A}.Release|Any CPU.ActiveCfg = Release|Any CPU
		{B31AFE0B-2645-4718-8444-781501C3021A}.Release|Any CPU.Build.0 = Release|Any CPU
		{5FDB2A7D-DB0E-45F6-B1C4-833A12000829}.Debug|Any CPU.ActiveCfg = Debug|Any CPU
		{5FDB2A7D-DB0E-45F6-B1C4-833A12000829}.Debug|Any CPU.Build.0 = Debug|Any CPU
		{5FDB2A7D-DB0E-45F6-B1C4-833A12000829}.Release|Any CPU.ActiveCfg = Release|Any CPU
		{5FDB2A7D-DB0E-45F6-B1C4-833A12000829}.Release|Any CPU.Build.0 = Release|Any CPU
		{2F0D006F-514B-4851-BDA0-0BD304E08E6E}.Debug|Any CPU.ActiveCfg = Debug|Any CPU
		{2F0D006F-514B-4851-BDA0-0BD304E08E6E}.Debug|Any CPU.Build.0 = Debug|Any CPU
		{2F0D006F-514B-4851-BDA0-0BD304E08E6E}.Release|Any CPU.ActiveCfg = Release|Any CPU
		{2F0D006F-514B-4851-BDA0-0BD304E08E6E}.Release|Any CPU.Build.0 = Release|Any CPU
		{8A9FBA0D-DB88-46EB-B0B5-C4AD57770B17}.Debug|Any CPU.ActiveCfg = Debug|Any CPU
		{8A9FBA0D-DB88-46EB-B0B5-C4AD57770B17}.Debug|Any CPU.Build.0 = Debug|Any CPU
		{8A9FBA0D-DB88-46EB-B0B5-C4AD57770B17}.Release|Any CPU.ActiveCfg = Release|Any CPU
		{8A9FBA0D-DB88-46EB-B0B5-C4AD57770B17}.Release|Any CPU.Build.0 = Release|Any CPU
		{DBB70395-51CB-44FD-9917-28CF0DD8EBFC}.Debug|Any CPU.ActiveCfg = Debug|Any CPU
		{DBB70395-51CB-44FD-9917-28CF0DD8EBFC}.Debug|Any CPU.Build.0 = Debug|Any CPU
		{DBB70395-51CB-44FD-9917-28CF0DD8EBFC}.Release|Any CPU.ActiveCfg = Release|Any CPU
		{DBB70395-51CB-44FD-9917-28CF0DD8EBFC}.Release|Any CPU.Build.0 = Release|Any CPU
		{49E65BDE-BB94-47B2-ACB8-873522B67E0D}.Debug|Any CPU.ActiveCfg = Debug|Any CPU
		{49E65BDE-BB94-47B2-ACB8-873522B67E0D}.Debug|Any CPU.Build.0 = Debug|Any CPU
		{49E65BDE-BB94-47B2-ACB8-873522B67E0D}.Release|Any CPU.ActiveCfg = Release|Any CPU
		{49E65BDE-BB94-47B2-ACB8-873522B67E0D}.Release|Any CPU.Build.0 = Release|Any CPU
		{AF1251D9-53E5-4229-B66C-D81C11C66515}.Debug|Any CPU.ActiveCfg = Debug|Any CPU
		{AF1251D9-53E5-4229-B66C-D81C11C66515}.Debug|Any CPU.Build.0 = Debug|Any CPU
		{AF1251D9-53E5-4229-B66C-D81C11C66515}.Release|Any CPU.ActiveCfg = Release|Any CPU
		{AF1251D9-53E5-4229-B66C-D81C11C66515}.Release|Any CPU.Build.0 = Release|Any CPU
		{DFC61383-4980-429C-939E-6B3A4A7DAA11}.Debug|Any CPU.ActiveCfg = Debug|Any CPU
		{DFC61383-4980-429C-939E-6B3A4A7DAA11}.Debug|Any CPU.Build.0 = Debug|Any CPU
		{DFC61383-4980-429C-939E-6B3A4A7DAA11}.Release|Any CPU.ActiveCfg = Release|Any CPU
		{DFC61383-4980-429C-939E-6B3A4A7DAA11}.Release|Any CPU.Build.0 = Release|Any CPU
		{6900E726-A624-4063-A437-86B3D0FF6100}.Debug|Any CPU.ActiveCfg = Debug|Any CPU
		{6900E726-A624-4063-A437-86B3D0FF6100}.Debug|Any CPU.Build.0 = Debug|Any CPU
		{6900E726-A624-4063-A437-86B3D0FF6100}.Release|Any CPU.ActiveCfg = Release|Any CPU
		{6900E726-A624-4063-A437-86B3D0FF6100}.Release|Any CPU.Build.0 = Release|Any CPU
		{70E03540-ABFB-45E8-907B-E51F4F344CDF}.Debug|Any CPU.ActiveCfg = Debug|Any CPU
		{70E03540-ABFB-45E8-907B-E51F4F344CDF}.Debug|Any CPU.Build.0 = Debug|Any CPU
		{70E03540-ABFB-45E8-907B-E51F4F344CDF}.Release|Any CPU.ActiveCfg = Release|Any CPU
		{70E03540-ABFB-45E8-907B-E51F4F344CDF}.Release|Any CPU.Build.0 = Release|Any CPU
		{5B68364A-BADD-4B85-986E-737D9131424B}.Debug|Any CPU.ActiveCfg = Debug|Any CPU
		{5B68364A-BADD-4B85-986E-737D9131424B}.Debug|Any CPU.Build.0 = Debug|Any CPU
		{5B68364A-BADD-4B85-986E-737D9131424B}.Release|Any CPU.ActiveCfg = Release|Any CPU
		{5B68364A-BADD-4B85-986E-737D9131424B}.Release|Any CPU.Build.0 = Release|Any CPU
		{F2D586FD-9D26-4585-B185-1F2F31330C86}.Debug|Any CPU.ActiveCfg = Debug|Any CPU
		{F2D586FD-9D26-4585-B185-1F2F31330C86}.Debug|Any CPU.Build.0 = Debug|Any CPU
		{F2D586FD-9D26-4585-B185-1F2F31330C86}.Release|Any CPU.ActiveCfg = Release|Any CPU
		{F2D586FD-9D26-4585-B185-1F2F31330C86}.Release|Any CPU.Build.0 = Release|Any CPU
		{66854DC6-2858-4127-BEA2-52ABC15FEEB9}.Debug|Any CPU.ActiveCfg = Debug|Any CPU
		{66854DC6-2858-4127-BEA2-52ABC15FEEB9}.Debug|Any CPU.Build.0 = Debug|Any CPU
		{66854DC6-2858-4127-BEA2-52ABC15FEEB9}.Release|Any CPU.ActiveCfg = Release|Any CPU
		{66854DC6-2858-4127-BEA2-52ABC15FEEB9}.Release|Any CPU.Build.0 = Release|Any CPU
		{886E4446-A783-4CB0-BCDB-536FCB930C65}.Debug|Any CPU.ActiveCfg = Debug|Any CPU
		{886E4446-A783-4CB0-BCDB-536FCB930C65}.Debug|Any CPU.Build.0 = Debug|Any CPU
		{886E4446-A783-4CB0-BCDB-536FCB930C65}.Release|Any CPU.ActiveCfg = Release|Any CPU
		{886E4446-A783-4CB0-BCDB-536FCB930C65}.Release|Any CPU.Build.0 = Release|Any CPU
		{56E4CDCF-D437-48CA-AB00-DBF1600348E0}.Debug|Any CPU.ActiveCfg = Debug|Any CPU
		{56E4CDCF-D437-48CA-AB00-DBF1600348E0}.Debug|Any CPU.Build.0 = Debug|Any CPU
		{56E4CDCF-D437-48CA-AB00-DBF1600348E0}.Release|Any CPU.ActiveCfg = Release|Any CPU
		{56E4CDCF-D437-48CA-AB00-DBF1600348E0}.Release|Any CPU.Build.0 = Release|Any CPU
		{54898A17-A323-45DD-89C9-C360D80D9BCA}.Debug|Any CPU.ActiveCfg = Debug|Any CPU
		{54898A17-A323-45DD-89C9-C360D80D9BCA}.Debug|Any CPU.Build.0 = Debug|Any CPU
		{54898A17-A323-45DD-89C9-C360D80D9BCA}.Release|Any CPU.ActiveCfg = Release|Any CPU
		{54898A17-A323-45DD-89C9-C360D80D9BCA}.Release|Any CPU.Build.0 = Release|Any CPU
		{BEA4820D-361E-40E8-876E-2A2C6CEAFE5B}.Debug|Any CPU.ActiveCfg = Debug|Any CPU
		{BEA4820D-361E-40E8-876E-2A2C6CEAFE5B}.Debug|Any CPU.Build.0 = Debug|Any CPU
		{BEA4820D-361E-40E8-876E-2A2C6CEAFE5B}.Release|Any CPU.ActiveCfg = Release|Any CPU
		{BEA4820D-361E-40E8-876E-2A2C6CEAFE5B}.Release|Any CPU.Build.0 = Release|Any CPU
		{8104C181-BA17-433D-A194-B193B55FC025}.Debug|Any CPU.ActiveCfg = Debug|Any CPU
		{8104C181-BA17-433D-A194-B193B55FC025}.Debug|Any CPU.Build.0 = Debug|Any CPU
		{8104C181-BA17-433D-A194-B193B55FC025}.Release|Any CPU.ActiveCfg = Release|Any CPU
		{8104C181-BA17-433D-A194-B193B55FC025}.Release|Any CPU.Build.0 = Release|Any CPU
		{26D8375B-43E8-42B7-AC91-4B2655868D7B}.Debug|Any CPU.ActiveCfg = Debug|Any CPU
		{26D8375B-43E8-42B7-AC91-4B2655868D7B}.Debug|Any CPU.Build.0 = Debug|Any CPU
		{26D8375B-43E8-42B7-AC91-4B2655868D7B}.Release|Any CPU.ActiveCfg = Release|Any CPU
		{26D8375B-43E8-42B7-AC91-4B2655868D7B}.Release|Any CPU.Build.0 = Release|Any CPU
		{8EA02864-6B75-4508-A5FD-11119F35BA47}.Debug|Any CPU.ActiveCfg = Debug|Any CPU
		{8EA02864-6B75-4508-A5FD-11119F35BA47}.Debug|Any CPU.Build.0 = Debug|Any CPU
		{8EA02864-6B75-4508-A5FD-11119F35BA47}.Release|Any CPU.ActiveCfg = Release|Any CPU
		{8EA02864-6B75-4508-A5FD-11119F35BA47}.Release|Any CPU.Build.0 = Release|Any CPU
		{5AD6B440-0333-4196-82CA-58ACB6594D17}.Debug|Any CPU.ActiveCfg = Debug|Any CPU
		{5AD6B440-0333-4196-82CA-58ACB6594D17}.Debug|Any CPU.Build.0 = Debug|Any CPU
		{5AD6B440-0333-4196-82CA-58ACB6594D17}.Release|Any CPU.ActiveCfg = Release|Any CPU
		{5AD6B440-0333-4196-82CA-58ACB6594D17}.Release|Any CPU.Build.0 = Release|Any CPU
		{2E1B72EF-4E0F-4B29-945B-C85BC6134A20}.Debug|Any CPU.ActiveCfg = Debug|Any CPU
		{2E1B72EF-4E0F-4B29-945B-C85BC6134A20}.Debug|Any CPU.Build.0 = Debug|Any CPU
		{2E1B72EF-4E0F-4B29-945B-C85BC6134A20}.Release|Any CPU.ActiveCfg = Release|Any CPU
		{2E1B72EF-4E0F-4B29-945B-C85BC6134A20}.Release|Any CPU.Build.0 = Release|Any CPU
		{7DDC6C35-1E20-4298-98B9-9417CED53057}.Debug|Any CPU.ActiveCfg = Debug|Any CPU
		{7DDC6C35-1E20-4298-98B9-9417CED53057}.Debug|Any CPU.Build.0 = Debug|Any CPU
		{7DDC6C35-1E20-4298-98B9-9417CED53057}.Release|Any CPU.ActiveCfg = Release|Any CPU
		{7DDC6C35-1E20-4298-98B9-9417CED53057}.Release|Any CPU.Build.0 = Release|Any CPU
		{2AECE7F7-4232-4852-AE69-4B46D27A913A}.Debug|Any CPU.ActiveCfg = Debug|Any CPU
		{2AECE7F7-4232-4852-AE69-4B46D27A913A}.Debug|Any CPU.Build.0 = Debug|Any CPU
		{2AECE7F7-4232-4852-AE69-4B46D27A913A}.Release|Any CPU.ActiveCfg = Release|Any CPU
		{2AECE7F7-4232-4852-AE69-4B46D27A913A}.Release|Any CPU.Build.0 = Release|Any CPU
		{66483D0B-386B-4256-932A-714DA56709D6}.Debug|Any CPU.ActiveCfg = Debug|Any CPU
		{66483D0B-386B-4256-932A-714DA56709D6}.Debug|Any CPU.Build.0 = Debug|Any CPU
		{66483D0B-386B-4256-932A-714DA56709D6}.Release|Any CPU.ActiveCfg = Release|Any CPU
		{66483D0B-386B-4256-932A-714DA56709D6}.Release|Any CPU.Build.0 = Release|Any CPU
		{AB6C419C-D518-4497-9750-E92025DB237F}.Debug|Any CPU.ActiveCfg = Debug|Any CPU
		{AB6C419C-D518-4497-9750-E92025DB237F}.Debug|Any CPU.Build.0 = Debug|Any CPU
		{AB6C419C-D518-4497-9750-E92025DB237F}.Release|Any CPU.ActiveCfg = Release|Any CPU
		{AB6C419C-D518-4497-9750-E92025DB237F}.Release|Any CPU.Build.0 = Release|Any CPU
		{108C8B21-4138-4C33-BFDD-8A59775A1C70}.Debug|Any CPU.ActiveCfg = Debug|Any CPU
		{108C8B21-4138-4C33-BFDD-8A59775A1C70}.Debug|Any CPU.Build.0 = Debug|Any CPU
		{108C8B21-4138-4C33-BFDD-8A59775A1C70}.Release|Any CPU.ActiveCfg = Release|Any CPU
		{108C8B21-4138-4C33-BFDD-8A59775A1C70}.Release|Any CPU.Build.0 = Release|Any CPU
		{28E9DAF9-B307-4B56-8595-E44977F05B96}.Debug|Any CPU.ActiveCfg = Debug|Any CPU
		{28E9DAF9-B307-4B56-8595-E44977F05B96}.Debug|Any CPU.Build.0 = Debug|Any CPU
		{28E9DAF9-B307-4B56-8595-E44977F05B96}.Release|Any CPU.ActiveCfg = Release|Any CPU
		{28E9DAF9-B307-4B56-8595-E44977F05B96}.Release|Any CPU.Build.0 = Release|Any CPU
		{6E93BCFC-D775-47BF-BFD6-DAE522FCBA93}.Debug|Any CPU.ActiveCfg = Debug|Any CPU
		{6E93BCFC-D775-47BF-BFD6-DAE522FCBA93}.Debug|Any CPU.Build.0 = Debug|Any CPU
		{6E93BCFC-D775-47BF-BFD6-DAE522FCBA93}.Release|Any CPU.ActiveCfg = Release|Any CPU
		{6E93BCFC-D775-47BF-BFD6-DAE522FCBA93}.Release|Any CPU.Build.0 = Release|Any CPU
		{0771493E-59B7-4B0E-8703-2ADC6B7EF727}.Debug|Any CPU.ActiveCfg = Debug|Any CPU
		{0771493E-59B7-4B0E-8703-2ADC6B7EF727}.Debug|Any CPU.Build.0 = Debug|Any CPU
		{0771493E-59B7-4B0E-8703-2ADC6B7EF727}.Release|Any CPU.ActiveCfg = Release|Any CPU
		{0771493E-59B7-4B0E-8703-2ADC6B7EF727}.Release|Any CPU.Build.0 = Release|Any CPU
		{3A134132-F38E-4C8F-9ECE-C061E4605703}.Debug|Any CPU.ActiveCfg = Debug|Any CPU
		{3A134132-F38E-4C8F-9ECE-C061E4605703}.Debug|Any CPU.Build.0 = Debug|Any CPU
		{3A134132-F38E-4C8F-9ECE-C061E4605703}.Release|Any CPU.ActiveCfg = Release|Any CPU
		{3A134132-F38E-4C8F-9ECE-C061E4605703}.Release|Any CPU.Build.0 = Release|Any CPU
		{AAA72C3D-8762-4657-880D-90522C3236C0}.Debug|Any CPU.ActiveCfg = Debug|Any CPU
		{AAA72C3D-8762-4657-880D-90522C3236C0}.Debug|Any CPU.Build.0 = Debug|Any CPU
		{AAA72C3D-8762-4657-880D-90522C3236C0}.Release|Any CPU.ActiveCfg = Release|Any CPU
		{AAA72C3D-8762-4657-880D-90522C3236C0}.Release|Any CPU.Build.0 = Release|Any CPU
		{AE03FB22-0CB1-4914-9235-0CC9D047A4BE}.Debug|Any CPU.ActiveCfg = Debug|Any CPU
		{AE03FB22-0CB1-4914-9235-0CC9D047A4BE}.Debug|Any CPU.Build.0 = Debug|Any CPU
		{AE03FB22-0CB1-4914-9235-0CC9D047A4BE}.Release|Any CPU.ActiveCfg = Release|Any CPU
		{AE03FB22-0CB1-4914-9235-0CC9D047A4BE}.Release|Any CPU.Build.0 = Release|Any CPU
		{29038E2C-05A8-43B6-B4EE-BE4424E9F99E}.Debug|Any CPU.ActiveCfg = Debug|Any CPU
		{29038E2C-05A8-43B6-B4EE-BE4424E9F99E}.Debug|Any CPU.Build.0 = Debug|Any CPU
		{29038E2C-05A8-43B6-B4EE-BE4424E9F99E}.Release|Any CPU.ActiveCfg = Release|Any CPU
		{29038E2C-05A8-43B6-B4EE-BE4424E9F99E}.Release|Any CPU.Build.0 = Release|Any CPU
		{A3888478-8695-4161-9D11-5D17ADC8ACBD}.Debug|Any CPU.ActiveCfg = Debug|Any CPU
		{A3888478-8695-4161-9D11-5D17ADC8ACBD}.Debug|Any CPU.Build.0 = Debug|Any CPU
		{A3888478-8695-4161-9D11-5D17ADC8ACBD}.Release|Any CPU.ActiveCfg = Release|Any CPU
		{A3888478-8695-4161-9D11-5D17ADC8ACBD}.Release|Any CPU.Build.0 = Release|Any CPU
	EndGlobalSection
	GlobalSection(SolutionProperties) = preSolution
		HideSolutionNode = FALSE
	EndGlobalSection
	GlobalSection(NestedProjects) = preSolution
		{66C4E2BF-318A-492C-B10C-7D16F7EBF870} = {9A758354-27B6-41FD-B504-C08EFCBBE38A}
		{711C2AE5-E739-4685-A4A4-E2489C398803} = {9A758354-27B6-41FD-B504-C08EFCBBE38A}
		{FE0A8780-D408-402E-8012-B3B480BDE086} = {9A758354-27B6-41FD-B504-C08EFCBBE38A}
		{949F039E-8F9E-483C-A8D2-F758B1908C36} = {9A758354-27B6-41FD-B504-C08EFCBBE38A}
		{5A9885E6-1068-4006-B4EC-82A126882469} = {9A758354-27B6-41FD-B504-C08EFCBBE38A}
		{56D3291E-95D0-4ED9-9851-3628D8516239} = {9A758354-27B6-41FD-B504-C08EFCBBE38A}
		{F11A47BF-44BA-4178-9599-9AF92EB6243C} = {9A758354-27B6-41FD-B504-C08EFCBBE38A}
		{D408EB4C-B2FE-4D4E-B319-342321E6E4ED} = {33C829D5-B625-42B8-BEFF-C51F7E87D1D2}
		{FEA687CF-A7A9-4AC1-AF7E-6DD50488D1E0} = {33C829D5-B625-42B8-BEFF-C51F7E87D1D2}
		{5A64E5A9-B817-44BA-9436-E3B8C5226F1D} = {33C829D5-B625-42B8-BEFF-C51F7E87D1D2}
		{27559BF6-D88C-4A63-AA6D-3E3E5D487A34} = {33C829D5-B625-42B8-BEFF-C51F7E87D1D2}
		{E9079B13-2373-4B7B-BE32-063E2BA5B4E7} = {33C829D5-B625-42B8-BEFF-C51F7E87D1D2}
		{F29CC81B-60A8-45CA-8868-5571BF7124C2} = {33C829D5-B625-42B8-BEFF-C51F7E87D1D2}
		{B31AFE0B-2645-4718-8444-781501C3021A} = {33C829D5-B625-42B8-BEFF-C51F7E87D1D2}
		{5FDB2A7D-DB0E-45F6-B1C4-833A12000829} = {33C829D5-B625-42B8-BEFF-C51F7E87D1D2}
		{2F0D006F-514B-4851-BDA0-0BD304E08E6E} = {33C829D5-B625-42B8-BEFF-C51F7E87D1D2}
		{8A9FBA0D-DB88-46EB-B0B5-C4AD57770B17} = {E0306246-BAD9-4EED-9D2A-D90EDBDB808F}
		{DBB70395-51CB-44FD-9917-28CF0DD8EBFC} = {E0306246-BAD9-4EED-9D2A-D90EDBDB808F}
		{49E65BDE-BB94-47B2-ACB8-873522B67E0D} = {E0306246-BAD9-4EED-9D2A-D90EDBDB808F}
		{AF1251D9-53E5-4229-B66C-D81C11C66515} = {E0306246-BAD9-4EED-9D2A-D90EDBDB808F}
		{DFC61383-4980-429C-939E-6B3A4A7DAA11} = {E0306246-BAD9-4EED-9D2A-D90EDBDB808F}
		{6900E726-A624-4063-A437-86B3D0FF6100} = {E0306246-BAD9-4EED-9D2A-D90EDBDB808F}
		{70E03540-ABFB-45E8-907B-E51F4F344CDF} = {E0306246-BAD9-4EED-9D2A-D90EDBDB808F}
		{5B68364A-BADD-4B85-986E-737D9131424B} = {94515548-5D0A-44B5-870E-4F63065BD3CC}
		{F2D586FD-9D26-4585-B185-1F2F31330C86} = {94515548-5D0A-44B5-870E-4F63065BD3CC}
		{66854DC6-2858-4127-BEA2-52ABC15FEEB9} = {94515548-5D0A-44B5-870E-4F63065BD3CC}
		{886E4446-A783-4CB0-BCDB-536FCB930C65} = {94515548-5D0A-44B5-870E-4F63065BD3CC}
		{56E4CDCF-D437-48CA-AB00-DBF1600348E0} = {94515548-5D0A-44B5-870E-4F63065BD3CC}
		{54898A17-A323-45DD-89C9-C360D80D9BCA} = {94515548-5D0A-44B5-870E-4F63065BD3CC}
		{BEA4820D-361E-40E8-876E-2A2C6CEAFE5B} = {94515548-5D0A-44B5-870E-4F63065BD3CC}
		{8104C181-BA17-433D-A194-B193B55FC025} = {6BC25F09-AF88-4021-BFAC-D8ED7BB24ECC}
		{26D8375B-43E8-42B7-AC91-4B2655868D7B} = {6BC25F09-AF88-4021-BFAC-D8ED7BB24ECC}
		{8EA02864-6B75-4508-A5FD-11119F35BA47} = {6BC25F09-AF88-4021-BFAC-D8ED7BB24ECC}
		{5AD6B440-0333-4196-82CA-58ACB6594D17} = {6BC25F09-AF88-4021-BFAC-D8ED7BB24ECC}
		{2E1B72EF-4E0F-4B29-945B-C85BC6134A20} = {6BC25F09-AF88-4021-BFAC-D8ED7BB24ECC}
		{7DDC6C35-1E20-4298-98B9-9417CED53057} = {6BC25F09-AF88-4021-BFAC-D8ED7BB24ECC}
		{2AECE7F7-4232-4852-AE69-4B46D27A913A} = {6BC25F09-AF88-4021-BFAC-D8ED7BB24ECC}
		{66483D0B-386B-4256-932A-714DA56709D6} = {61BA2273-ADCF-4C87-8DC2-123B7EF9D043}
		{AB6C419C-D518-4497-9750-E92025DB237F} = {61BA2273-ADCF-4C87-8DC2-123B7EF9D043}
		{108C8B21-4138-4C33-BFDD-8A59775A1C70} = {61BA2273-ADCF-4C87-8DC2-123B7EF9D043}
		{28E9DAF9-B307-4B56-8595-E44977F05B96} = {61BA2273-ADCF-4C87-8DC2-123B7EF9D043}
		{6E93BCFC-D775-47BF-BFD6-DAE522FCBA93} = {61BA2273-ADCF-4C87-8DC2-123B7EF9D043}
		{0771493E-59B7-4B0E-8703-2ADC6B7EF727} = {61BA2273-ADCF-4C87-8DC2-123B7EF9D043}
		{3A134132-F38E-4C8F-9ECE-C061E4605703} = {6F3BA0F5-7351-43B1-96FC-04507FF1FD70}
		{AAA72C3D-8762-4657-880D-90522C3236C0} = {6F3BA0F5-7351-43B1-96FC-04507FF1FD70}
		{AE03FB22-0CB1-4914-9235-0CC9D047A4BE} = {6F3BA0F5-7351-43B1-96FC-04507FF1FD70}
		{29038E2C-05A8-43B6-B4EE-BE4424E9F99E} = {6F3BA0F5-7351-43B1-96FC-04507FF1FD70}
		{A3888478-8695-4161-9D11-5D17ADC8ACBD} = {6F3BA0F5-7351-43B1-96FC-04507FF1FD70}
	EndGlobalSection
	GlobalSection(ExtensibilityGlobals) = postSolution
		SolutionGuid = {44395CCD-39BD-4E8F-ACAC-7FF8A500E964}
	EndGlobalSection
EndGlobal
